
Microsoft Visual Studio Solution File, Format Version 12.00
# Visual Studio Version 16
VisualStudioVersion = 16.0.29806.167
MinimumVisualStudioVersion = 15.0.26124.0
Project("{9A19103F-16F7-4668-BE54-9A1E7A4F7556}") = "OpenBlog.DomainModels", "OpenBlog.DomainModels\OpenBlog.DomainModels.csproj", "{10D02E90-E3AF-44E7-B9FE-9A670C288092}"
EndProject
Project("{9A19103F-16F7-4668-BE54-9A1E7A4F7556}") = "OpenBlog.Repository.Mongo", "OpenBlog.Repository.Mongo\OpenBlog.Repository.Mongo.csproj", "{DF5EF494-337F-4BAB-8F50-6E99ADB6DFE5}"
EndProject
Project("{9A19103F-16F7-4668-BE54-9A1E7A4F7556}") = "OpenBlog.Web", "OpenBlog.Web\OpenBlog.Web.csproj", "{61CF979E-E46F-4E0A-A08A-C993E25B84DA}"
EndProject
Project("{9A19103F-16F7-4668-BE54-9A1E7A4F7556}") = "OpenBlog.MongoRepositoryTest", "OpenBlog.MongoRepositoryTest\OpenBlog.MongoRepositoryTest.csproj", "{A396C1EA-8A12-4914-BE4C-01CE3857AFE8}"
EndProject
Project("{2150E333-8FDC-42A3-9474-1A3956D46DE8}") = "Repository", "Repository", "{4954CD7A-8CE4-4C46-9ADE-27C5C155D845}"
EndProject
Project("{9A19103F-16F7-4668-BE54-9A1E7A4F7556}") = "OpenBlog.UnitTest", "OpenBlog.UnitTest\OpenBlog.UnitTest.csproj", "{00383CD4-99D5-463D-A60F-DA7B5AAB0861}"
EndProject
Project("{9A19103F-16F7-4668-BE54-9A1E7A4F7556}") = "OpenBlog.IngtTest", "OpenBlog.IngtTest\OpenBlog.IngtTest.csproj", "{7940BEDB-DE67-43E2-B808-E9B52D61B3F7}"
EndProject
Project("{9A19103F-16F7-4668-BE54-9A1E7A4F7556}") = "OpenBlog.ApiTestConsole", "OpenBlog.ApiTestConsole\OpenBlog.ApiTestConsole.csproj", "{8E862D81-D94C-44B7-AD47-A6C5E9656E49}"
EndProject
Project("{FAE04EC0-301F-11D3-BF4B-00C04F79EFBC}") = "OpenBlog.Infrastructure", "OpenBlog.Infrastructure\OpenBlog.Infrastructure.csproj", "{CC13378B-331E-471F-AA6E-DD3AB5192BB9}"
EndProject
Project("{FAE04EC0-301F-11D3-BF4B-00C04F79EFBC}") = "OpenBlog.UserCenterWeb", "OpenBlog.UserCenterWeb\OpenBlog.UserCenterWeb.csproj", "{E57A357B-24FF-45C4-B7A7-598B7171BF70}"
EndProject
Project("{FAE04EC0-301F-11D3-BF4B-00C04F79EFBC}") = "OpenBlog.BlazorWasmService", "OpenBlog.BlazorWasmService\OpenBlog.BlazorWasmService.csproj", "{480497A5-7E08-4B25-A383-4AA2243641B0}"
EndProject
Project("{FAE04EC0-301F-11D3-BF4B-00C04F79EFBC}") = "OpenBlog.AdminWeb", "OpenBlog.AdminWeb\OpenBlog.AdminWeb.csproj", "{FF442DA0-1DF4-425A-B15D-AACEE9E8B82B}"
EndProject
Project("{2150E333-8FDC-42A3-9474-1A3956D46DE8}") = "Presentation", "Presentation", "{5104E24B-1CF4-4D27-A8BB-DCDCBB02007D}"
EndProject
Project("{2150E333-8FDC-42A3-9474-1A3956D46DE8}") = "Testing", "Testing", "{2966D8BB-9851-458C-9C88-4310545F2713}"
EndProject
Project("{FAE04EC0-301F-11D3-BF4B-00C04F79EFBC}") = "OpenBlog.ClientShared", "OpenBlog.ClientShared\OpenBlog.ClientShared.csproj", "{6B40C433-5558-4CA4-B34E-7951A0390486}"
EndProject
Global
	GlobalSection(SolutionConfigurationPlatforms) = preSolution
		Debug|Any CPU = Debug|Any CPU
		Debug|x64 = Debug|x64
		Debug|x86 = Debug|x86
		Release|Any CPU = Release|Any CPU
		Release|x64 = Release|x64
		Release|x86 = Release|x86
	EndGlobalSection
	GlobalSection(ProjectConfigurationPlatforms) = postSolution
		{10D02E90-E3AF-44E7-B9FE-9A670C288092}.Debug|Any CPU.ActiveCfg = Debug|Any CPU
		{10D02E90-E3AF-44E7-B9FE-9A670C288092}.Debug|Any CPU.Build.0 = Debug|Any CPU
		{10D02E90-E3AF-44E7-B9FE-9A670C288092}.Debug|x64.ActiveCfg = Debug|Any CPU
		{10D02E90-E3AF-44E7-B9FE-9A670C288092}.Debug|x64.Build.0 = Debug|Any CPU
		{10D02E90-E3AF-44E7-B9FE-9A670C288092}.Debug|x86.ActiveCfg = Debug|Any CPU
		{10D02E90-E3AF-44E7-B9FE-9A670C288092}.Debug|x86.Build.0 = Debug|Any CPU
		{10D02E90-E3AF-44E7-B9FE-9A670C288092}.Release|Any CPU.ActiveCfg = Release|Any CPU
		{10D02E90-E3AF-44E7-B9FE-9A670C288092}.Release|Any CPU.Build.0 = Release|Any CPU
		{10D02E90-E3AF-44E7-B9FE-9A670C288092}.Release|x64.ActiveCfg = Release|Any CPU
		{10D02E90-E3AF-44E7-B9FE-9A670C288092}.Release|x64.Build.0 = Release|Any CPU
		{10D02E90-E3AF-44E7-B9FE-9A670C288092}.Release|x86.ActiveCfg = Release|Any CPU
		{10D02E90-E3AF-44E7-B9FE-9A670C288092}.Release|x86.Build.0 = Release|Any CPU
		{DF5EF494-337F-4BAB-8F50-6E99ADB6DFE5}.Debug|Any CPU.ActiveCfg = Debug|Any CPU
		{DF5EF494-337F-4BAB-8F50-6E99ADB6DFE5}.Debug|Any CPU.Build.0 = Debug|Any CPU
		{DF5EF494-337F-4BAB-8F50-6E99ADB6DFE5}.Debug|x64.ActiveCfg = Debug|Any CPU
		{DF5EF494-337F-4BAB-8F50-6E99ADB6DFE5}.Debug|x64.Build.0 = Debug|Any CPU
		{DF5EF494-337F-4BAB-8F50-6E99ADB6DFE5}.Debug|x86.ActiveCfg = Debug|Any CPU
		{DF5EF494-337F-4BAB-8F50-6E99ADB6DFE5}.Debug|x86.Build.0 = Debug|Any CPU
		{DF5EF494-337F-4BAB-8F50-6E99ADB6DFE5}.Release|Any CPU.ActiveCfg = Release|Any CPU
		{DF5EF494-337F-4BAB-8F50-6E99ADB6DFE5}.Release|Any CPU.Build.0 = Release|Any CPU
		{DF5EF494-337F-4BAB-8F50-6E99ADB6DFE5}.Release|x64.ActiveCfg = Release|Any CPU
		{DF5EF494-337F-4BAB-8F50-6E99ADB6DFE5}.Release|x64.Build.0 = Release|Any CPU
		{DF5EF494-337F-4BAB-8F50-6E99ADB6DFE5}.Release|x86.ActiveCfg = Release|Any CPU
		{DF5EF494-337F-4BAB-8F50-6E99ADB6DFE5}.Release|x86.Build.0 = Release|Any CPU
		{61CF979E-E46F-4E0A-A08A-C993E25B84DA}.Debug|Any CPU.ActiveCfg = Debug|Any CPU
		{61CF979E-E46F-4E0A-A08A-C993E25B84DA}.Debug|Any CPU.Build.0 = Debug|Any CPU
		{61CF979E-E46F-4E0A-A08A-C993E25B84DA}.Debug|x64.ActiveCfg = Debug|Any CPU
		{61CF979E-E46F-4E0A-A08A-C993E25B84DA}.Debug|x64.Build.0 = Debug|Any CPU
		{61CF979E-E46F-4E0A-A08A-C993E25B84DA}.Debug|x86.ActiveCfg = Debug|Any CPU
		{61CF979E-E46F-4E0A-A08A-C993E25B84DA}.Debug|x86.Build.0 = Debug|Any CPU
		{61CF979E-E46F-4E0A-A08A-C993E25B84DA}.Release|Any CPU.ActiveCfg = Release|Any CPU
		{61CF979E-E46F-4E0A-A08A-C993E25B84DA}.Release|Any CPU.Build.0 = Release|Any CPU
		{61CF979E-E46F-4E0A-A08A-C993E25B84DA}.Release|x64.ActiveCfg = Release|Any CPU
		{61CF979E-E46F-4E0A-A08A-C993E25B84DA}.Release|x64.Build.0 = Release|Any CPU
		{61CF979E-E46F-4E0A-A08A-C993E25B84DA}.Release|x86.ActiveCfg = Release|Any CPU
		{61CF979E-E46F-4E0A-A08A-C993E25B84DA}.Release|x86.Build.0 = Release|Any CPU
		{A396C1EA-8A12-4914-BE4C-01CE3857AFE8}.Debug|Any CPU.ActiveCfg = Debug|Any CPU
		{A396C1EA-8A12-4914-BE4C-01CE3857AFE8}.Debug|Any CPU.Build.0 = Debug|Any CPU
		{A396C1EA-8A12-4914-BE4C-01CE3857AFE8}.Debug|x64.ActiveCfg = Debug|Any CPU
		{A396C1EA-8A12-4914-BE4C-01CE3857AFE8}.Debug|x64.Build.0 = Debug|Any CPU
		{A396C1EA-8A12-4914-BE4C-01CE3857AFE8}.Debug|x86.ActiveCfg = Debug|Any CPU
		{A396C1EA-8A12-4914-BE4C-01CE3857AFE8}.Debug|x86.Build.0 = Debug|Any CPU
		{A396C1EA-8A12-4914-BE4C-01CE3857AFE8}.Release|Any CPU.ActiveCfg = Release|Any CPU
		{A396C1EA-8A12-4914-BE4C-01CE3857AFE8}.Release|Any CPU.Build.0 = Release|Any CPU
		{A396C1EA-8A12-4914-BE4C-01CE3857AFE8}.Release|x64.ActiveCfg = Release|Any CPU
		{A396C1EA-8A12-4914-BE4C-01CE3857AFE8}.Release|x64.Build.0 = Release|Any CPU
		{A396C1EA-8A12-4914-BE4C-01CE3857AFE8}.Release|x86.ActiveCfg = Release|Any CPU
		{A396C1EA-8A12-4914-BE4C-01CE3857AFE8}.Release|x86.Build.0 = Release|Any CPU
		{00383CD4-99D5-463D-A60F-DA7B5AAB0861}.Debug|Any CPU.ActiveCfg = Debug|Any CPU
		{00383CD4-99D5-463D-A60F-DA7B5AAB0861}.Debug|Any CPU.Build.0 = Debug|Any CPU
		{00383CD4-99D5-463D-A60F-DA7B5AAB0861}.Debug|x64.ActiveCfg = Debug|Any CPU
		{00383CD4-99D5-463D-A60F-DA7B5AAB0861}.Debug|x64.Build.0 = Debug|Any CPU
		{00383CD4-99D5-463D-A60F-DA7B5AAB0861}.Debug|x86.ActiveCfg = Debug|Any CPU
		{00383CD4-99D5-463D-A60F-DA7B5AAB0861}.Debug|x86.Build.0 = Debug|Any CPU
		{00383CD4-99D5-463D-A60F-DA7B5AAB0861}.Release|Any CPU.ActiveCfg = Release|Any CPU
		{00383CD4-99D5-463D-A60F-DA7B5AAB0861}.Release|Any CPU.Build.0 = Release|Any CPU
		{00383CD4-99D5-463D-A60F-DA7B5AAB0861}.Release|x64.ActiveCfg = Release|Any CPU
		{00383CD4-99D5-463D-A60F-DA7B5AAB0861}.Release|x64.Build.0 = Release|Any CPU
		{00383CD4-99D5-463D-A60F-DA7B5AAB0861}.Release|x86.ActiveCfg = Release|Any CPU
		{00383CD4-99D5-463D-A60F-DA7B5AAB0861}.Release|x86.Build.0 = Release|Any CPU
		{7940BEDB-DE67-43E2-B808-E9B52D61B3F7}.Debug|Any CPU.ActiveCfg = Debug|Any CPU
		{7940BEDB-DE67-43E2-B808-E9B52D61B3F7}.Debug|Any CPU.Build.0 = Debug|Any CPU
		{7940BEDB-DE67-43E2-B808-E9B52D61B3F7}.Debug|x64.ActiveCfg = Debug|Any CPU
		{7940BEDB-DE67-43E2-B808-E9B52D61B3F7}.Debug|x64.Build.0 = Debug|Any CPU
		{7940BEDB-DE67-43E2-B808-E9B52D61B3F7}.Debug|x86.ActiveCfg = Debug|Any CPU
		{7940BEDB-DE67-43E2-B808-E9B52D61B3F7}.Debug|x86.Build.0 = Debug|Any CPU
		{7940BEDB-DE67-43E2-B808-E9B52D61B3F7}.Release|Any CPU.ActiveCfg = Release|Any CPU
		{7940BEDB-DE67-43E2-B808-E9B52D61B3F7}.Release|Any CPU.Build.0 = Release|Any CPU
		{7940BEDB-DE67-43E2-B808-E9B52D61B3F7}.Release|x64.ActiveCfg = Release|Any CPU
		{7940BEDB-DE67-43E2-B808-E9B52D61B3F7}.Release|x64.Build.0 = Release|Any CPU
		{7940BEDB-DE67-43E2-B808-E9B52D61B3F7}.Release|x86.ActiveCfg = Release|Any CPU
		{7940BEDB-DE67-43E2-B808-E9B52D61B3F7}.Release|x86.Build.0 = Release|Any CPU
		{8E862D81-D94C-44B7-AD47-A6C5E9656E49}.Debug|Any CPU.ActiveCfg = Debug|Any CPU
		{8E862D81-D94C-44B7-AD47-A6C5E9656E49}.Debug|Any CPU.Build.0 = Debug|Any CPU
		{8E862D81-D94C-44B7-AD47-A6C5E9656E49}.Debug|x64.ActiveCfg = Debug|Any CPU
		{8E862D81-D94C-44B7-AD47-A6C5E9656E49}.Debug|x64.Build.0 = Debug|Any CPU
		{8E862D81-D94C-44B7-AD47-A6C5E9656E49}.Debug|x86.ActiveCfg = Debug|Any CPU
		{8E862D81-D94C-44B7-AD47-A6C5E9656E49}.Debug|x86.Build.0 = Debug|Any CPU
		{8E862D81-D94C-44B7-AD47-A6C5E9656E49}.Release|Any CPU.ActiveCfg = Release|Any CPU
		{8E862D81-D94C-44B7-AD47-A6C5E9656E49}.Release|Any CPU.Build.0 = Release|Any CPU
		{8E862D81-D94C-44B7-AD47-A6C5E9656E49}.Release|x64.ActiveCfg = Release|Any CPU
		{8E862D81-D94C-44B7-AD47-A6C5E9656E49}.Release|x64.Build.0 = Release|Any CPU
		{8E862D81-D94C-44B7-AD47-A6C5E9656E49}.Release|x86.ActiveCfg = Release|Any CPU
		{8E862D81-D94C-44B7-AD47-A6C5E9656E49}.Release|x86.Build.0 = Release|Any CPU
		{CC13378B-331E-471F-AA6E-DD3AB5192BB9}.Debug|Any CPU.ActiveCfg = Debug|Any CPU
		{CC13378B-331E-471F-AA6E-DD3AB5192BB9}.Debug|Any CPU.Build.0 = Debug|Any CPU
		{CC13378B-331E-471F-AA6E-DD3AB5192BB9}.Debug|x64.ActiveCfg = Debug|Any CPU
		{CC13378B-331E-471F-AA6E-DD3AB5192BB9}.Debug|x64.Build.0 = Debug|Any CPU
		{CC13378B-331E-471F-AA6E-DD3AB5192BB9}.Debug|x86.ActiveCfg = Debug|Any CPU
		{CC13378B-331E-471F-AA6E-DD3AB5192BB9}.Debug|x86.Build.0 = Debug|Any CPU
		{CC13378B-331E-471F-AA6E-DD3AB5192BB9}.Release|Any CPU.ActiveCfg = Release|Any CPU
		{CC13378B-331E-471F-AA6E-DD3AB5192BB9}.Release|Any CPU.Build.0 = Release|Any CPU
		{CC13378B-331E-471F-AA6E-DD3AB5192BB9}.Release|x64.ActiveCfg = Release|Any CPU
		{CC13378B-331E-471F-AA6E-DD3AB5192BB9}.Release|x64.Build.0 = Release|Any CPU
		{CC13378B-331E-471F-AA6E-DD3AB5192BB9}.Release|x86.ActiveCfg = Release|Any CPU
		{CC13378B-331E-471F-AA6E-DD3AB5192BB9}.Release|x86.Build.0 = Release|Any CPU
		{E57A357B-24FF-45C4-B7A7-598B7171BF70}.Debug|Any CPU.ActiveCfg = Debug|Any CPU
		{E57A357B-24FF-45C4-B7A7-598B7171BF70}.Debug|Any CPU.Build.0 = Debug|Any CPU
		{E57A357B-24FF-45C4-B7A7-598B7171BF70}.Debug|x64.ActiveCfg = Debug|Any CPU
		{E57A357B-24FF-45C4-B7A7-598B7171BF70}.Debug|x64.Build.0 = Debug|Any CPU
		{E57A357B-24FF-45C4-B7A7-598B7171BF70}.Debug|x86.ActiveCfg = Debug|Any CPU
		{E57A357B-24FF-45C4-B7A7-598B7171BF70}.Debug|x86.Build.0 = Debug|Any CPU
		{E57A357B-24FF-45C4-B7A7-598B7171BF70}.Release|Any CPU.ActiveCfg = Release|Any CPU
		{E57A357B-24FF-45C4-B7A7-598B7171BF70}.Release|Any CPU.Build.0 = Release|Any CPU
		{E57A357B-24FF-45C4-B7A7-598B7171BF70}.Release|x64.ActiveCfg = Release|Any CPU
		{E57A357B-24FF-45C4-B7A7-598B7171BF70}.Release|x64.Build.0 = Release|Any CPU
		{E57A357B-24FF-45C4-B7A7-598B7171BF70}.Release|x86.ActiveCfg = Release|Any CPU
		{E57A357B-24FF-45C4-B7A7-598B7171BF70}.Release|x86.Build.0 = Release|Any CPU
		{480497A5-7E08-4B25-A383-4AA2243641B0}.Debug|Any CPU.ActiveCfg = Debug|Any CPU
		{480497A5-7E08-4B25-A383-4AA2243641B0}.Debug|Any CPU.Build.0 = Debug|Any CPU
		{480497A5-7E08-4B25-A383-4AA2243641B0}.Debug|x64.ActiveCfg = Debug|Any CPU
		{480497A5-7E08-4B25-A383-4AA2243641B0}.Debug|x64.Build.0 = Debug|Any CPU
		{480497A5-7E08-4B25-A383-4AA2243641B0}.Debug|x86.ActiveCfg = Debug|Any CPU
		{480497A5-7E08-4B25-A383-4AA2243641B0}.Debug|x86.Build.0 = Debug|Any CPU
		{480497A5-7E08-4B25-A383-4AA2243641B0}.Release|Any CPU.ActiveCfg = Release|Any CPU
		{480497A5-7E08-4B25-A383-4AA2243641B0}.Release|Any CPU.Build.0 = Release|Any CPU
		{480497A5-7E08-4B25-A383-4AA2243641B0}.Release|x64.ActiveCfg = Release|Any CPU
		{480497A5-7E08-4B25-A383-4AA2243641B0}.Release|x64.Build.0 = Release|Any CPU
		{480497A5-7E08-4B25-A383-4AA2243641B0}.Release|x86.ActiveCfg = Release|Any CPU
		{480497A5-7E08-4B25-A383-4AA2243641B0}.Release|x86.Build.0 = Release|Any CPU
		{FF442DA0-1DF4-425A-B15D-AACEE9E8B82B}.Debug|Any CPU.ActiveCfg = Debug|Any CPU
		{FF442DA0-1DF4-425A-B15D-AACEE9E8B82B}.Debug|Any CPU.Build.0 = Debug|Any CPU
		{FF442DA0-1DF4-425A-B15D-AACEE9E8B82B}.Debug|x64.ActiveCfg = Debug|Any CPU
		{FF442DA0-1DF4-425A-B15D-AACEE9E8B82B}.Debug|x64.Build.0 = Debug|Any CPU
		{FF442DA0-1DF4-425A-B15D-AACEE9E8B82B}.Debug|x86.ActiveCfg = Debug|Any CPU
		{FF442DA0-1DF4-425A-B15D-AACEE9E8B82B}.Debug|x86.Build.0 = Debug|Any CPU
		{FF442DA0-1DF4-425A-B15D-AACEE9E8B82B}.Release|Any CPU.ActiveCfg = Release|Any CPU
		{FF442DA0-1DF4-425A-B15D-AACEE9E8B82B}.Release|Any CPU.Build.0 = Release|Any CPU
		{FF442DA0-1DF4-425A-B15D-AACEE9E8B82B}.Release|x64.ActiveCfg = Release|Any CPU
		{FF442DA0-1DF4-425A-B15D-AACEE9E8B82B}.Release|x64.Build.0 = Release|Any CPU
		{FF442DA0-1DF4-425A-B15D-AACEE9E8B82B}.Release|x86.ActiveCfg = Release|Any CPU
		{FF442DA0-1DF4-425A-B15D-AACEE9E8B82B}.Release|x86.Build.0 = Release|Any CPU
		{6B40C433-5558-4CA4-B34E-7951A0390486}.Debug|Any CPU.ActiveCfg = Debug|Any CPU
		{6B40C433-5558-4CA4-B34E-7951A0390486}.Debug|Any CPU.Build.0 = Debug|Any CPU
		{6B40C433-5558-4CA4-B34E-7951A0390486}.Debug|x64.ActiveCfg = Debug|Any CPU
		{6B40C433-5558-4CA4-B34E-7951A0390486}.Debug|x64.Build.0 = Debug|Any CPU
		{6B40C433-5558-4CA4-B34E-7951A0390486}.Debug|x86.ActiveCfg = Debug|Any CPU
		{6B40C433-5558-4CA4-B34E-7951A0390486}.Debug|x86.Build.0 = Debug|Any CPU
		{6B40C433-5558-4CA4-B34E-7951A0390486}.Release|Any CPU.ActiveCfg = Release|Any CPU
		{6B40C433-5558-4CA4-B34E-7951A0390486}.Release|Any CPU.Build.0 = Release|Any CPU
		{6B40C433-5558-4CA4-B34E-7951A0390486}.Release|x64.ActiveCfg = Release|Any CPU
		{6B40C433-5558-4CA4-B34E-7951A0390486}.Release|x64.Build.0 = Release|Any CPU
		{6B40C433-5558-4CA4-B34E-7951A0390486}.Release|x86.ActiveCfg = Release|Any CPU
		{6B40C433-5558-4CA4-B34E-7951A0390486}.Release|x86.Build.0 = Release|Any CPU
	EndGlobalSection
	GlobalSection(SolutionProperties) = preSolution
		HideSolutionNode = FALSE
	EndGlobalSection
	GlobalSection(NestedProjects) = preSolution
		{DF5EF494-337F-4BAB-8F50-6E99ADB6DFE5} = {4954CD7A-8CE4-4C46-9ADE-27C5C155D845}
		{A396C1EA-8A12-4914-BE4C-01CE3857AFE8} = {4954CD7A-8CE4-4C46-9ADE-27C5C155D845}
		{FF442DA0-1DF4-425A-B15D-AACEE9E8B82B} = {5104E24B-1CF4-4D27-A8BB-DCDCBB02007D}
		{E57A357B-24FF-45C4-B7A7-598B7171BF70} = {5104E24B-1CF4-4D27-A8BB-DCDCBB02007D}
		{61CF979E-E46F-4E0A-A08A-C993E25B84DA} = {5104E24B-1CF4-4D27-A8BB-DCDCBB02007D}
		{00383CD4-99D5-463D-A60F-DA7B5AAB0861} = {2966D8BB-9851-458C-9C88-4310545F2713}
		{7940BEDB-DE67-43E2-B808-E9B52D61B3F7} = {2966D8BB-9851-458C-9C88-4310545F2713}
		{8E862D81-D94C-44B7-AD47-A6C5E9656E49} = {2966D8BB-9851-458C-9C88-4310545F2713}
	EndGlobalSection
	GlobalSection(ExtensibilityGlobals) = postSolution
		SolutionGuid = {627EB527-B126-4BD9-9623-411634AD42A1}
	EndGlobalSection
EndGlobal
